
Microsoft Visual Studio Solution File, Format Version 12.00
# Visual Studio Version 17
VisualStudioVersion = 17.0.31912.275
MinimumVisualStudioVersion = 10.0.40219.1
Project("{9A19103F-16F7-4668-BE54-9A1E7A4F7556}") = "lilylang", "lilylang\lilylang.csproj", "{3946E588-E41F-452F-A606-40A33E44E06B}"
	ProjectSection(ProjectDependencies) = postProject
		{577CB827-B5B0-417C-BF10-77E8A4E052C6} = {577CB827-B5B0-417C-BF10-77E8A4E052C6}
	EndProjectSection
EndProject
Project("{9A19103F-16F7-4668-BE54-9A1E7A4F7556}") = "lilylang_archiveur", "lilylang_archiveur\lilylang_archiveur.csproj", "{BE0B1AFD-E356-4062-B525-4533201DA6E3}"
EndProject
Project("{9A19103F-16F7-4668-BE54-9A1E7A4F7556}") = "lilylang_archiveur_testvisuale", "lilylang_archiveur_testvisuale\lilylang_archiveur_testvisuale.csproj", "{C51CA5EF-B491-4151-BBB4-4C1450B1B4C9}"
EndProject
Project("{8BC9CEB8-8B4A-11D0-8D11-00A0C91BC942}") = "lilyicon", "lilyicon\lilyicon.vcxproj", "{12B9086C-1346-4F3D-91B4-E5A4F15DEF6A}"
EndProject
Project("{9A19103F-16F7-4668-BE54-9A1E7A4F7556}") = "lilylang_reflection", "lilylang_reflection\lilylang_reflection.csproj", "{1732F483-5A10-43B0-83A8-85A07BA4101D}"
EndProject
Project("{FAE04EC0-301F-11D3-BF4B-00C04F79EFBC}") = "socialcredit", "socialcredit\socialcredit.csproj", "{144A7077-BF07-456A-B76F-1547A891C478}"
EndProject
Project("{FAE04EC0-301F-11D3-BF4B-00C04F79EFBC}") = "AsyncTests", "AsyncTests\AsyncTests.csproj", "{9A528129-58BA-40E6-B071-AE819FB16121}"
EndProject
Project("{778DAE3C-4631-46EA-AA77-85C1314464D9}") = "cocoproc", "cocoproc\cocoproc.vbproj", "{577CB827-B5B0-417C-BF10-77E8A4E052C6}"
EndProject
Project("{FAE04EC0-301F-11D3-BF4B-00C04F79EFBC}") = "LilianAnimeTestsForCoco", "LilianAnimeTestsForCoco\LilianAnimeTestsForCoco.csproj", "{4C94E03F-4441-48E6-9DA4-5DC78F9F3320}"
EndProject
Project("{F2A71F9B-5D33-465A-A702-920D77279786}") = "AutomaticallyFormat", "AutomaticallyFormat\AutomaticallyFormat.fsproj", "{3EADFFC7-5A7D-4D12-9E8E-5A75AE813FBA}"
EndProject
Project("{FAE04EC0-301F-11D3-BF4B-00C04F79EFBC}") = "cocodev", "cocodev\cocodev.csproj", "{5A8E7F6F-CF69-4268-A09D-C2AA52D501CD}"
EndProject
Project("{FAE04EC0-301F-11D3-BF4B-00C04F79EFBC}") = "lilcorlib", "lilcorlib\lilcorlib.csproj", "{EB50E94E-8AFB-4A33-AE41-A6248FBF41D3}"
EndProject
Project("{8BC9CEB8-8B4A-11D0-8D11-00A0C91BC942}") = "lilydevadv", "lilydevadv\lilydevadv.vcxproj", "{76A517EA-A758-4AD6-9834-12DD67155BBE}"
EndProject
Project("{8BC9CEB8-8B4A-11D0-8D11-00A0C91BC942}") = "lilydevadvHandlers", "lilydevadvHandlers\lilydevadvHandlers.vcxproj", "{7F303642-B6C9-46E0-8561-0B0AD047FEE5}"
EndProject
Project("{9A19103F-16F7-4668-BE54-9A1E7A4F7556}") = "lilydev", "lilydev\lilydev.csproj", "{DA83E3E7-D401-4BEC-92A3-C91777C05C90}"
	ProjectSection(ProjectDependencies) = postProject
		{3946E588-E41F-452F-A606-40A33E44E06B} = {3946E588-E41F-452F-A606-40A33E44E06B}
	EndProjectSection
EndProject
Project("{FAE04EC0-301F-11D3-BF4B-00C04F79EFBC}") = "textboxsettings", "textboxsettings\textboxsettings.csproj", "{8E963366-F510-4CEC-AB57-8FF34F4E8A19}"
EndProject
Project("{FAE04EC0-301F-11D3-BF4B-00C04F79EFBC}") = "nestingTest", "nestingTest\nestingTest.csproj", "{569AEC79-B649-4B19-9183-B6684F77305E}"
EndProject
Project("{FAE04EC0-301F-11D3-BF4B-00C04F79EFBC}") = "lilyhelp", "lilyhelp\lilyhelp.csproj", "{BE15DBF4-6F0B-4085-B764-A8BF0C3E2765}"
EndProject
Project("{FAE04EC0-301F-11D3-BF4B-00C04F79EFBC}") = "pulpitum", "pulpitum\pulpitum.csproj", "{D2162F56-919E-4D39-BBCC-2D7A4C70F9CD}"
	ProjectSection(ProjectDependencies) = postProject
		{3946E588-E41F-452F-A606-40A33E44E06B} = {3946E588-E41F-452F-A606-40A33E44E06B}
	EndProjectSection
EndProject
Project("{8BC9CEB8-8B4A-11D0-8D11-00A0C91BC942}") = "bonjour", "bonjour\bonjour.vcxproj", "{2B51B504-4882-468E-8625-018B99A966CF}"
EndProject
Project("{9A19103F-16F7-4668-BE54-9A1E7A4F7556}") = "refl2", "refl2\refl2.csproj", "{89906742-7E4E-4196-9635-AB70EEC34080}"
EndProject
Project("{9A19103F-16F7-4668-BE54-9A1E7A4F7556}") = "record_remplacement", "record_remplacement\record_remplacement.csproj", "{B4C3911F-BEE2-4A32-B24E-0F636106C0E6}"
EndProject
Global
	GlobalSection(SolutionConfigurationPlatforms) = preSolution
		Debug|Any CPU = Debug|Any CPU
		Debug|x64 = Debug|x64
		Debug|x86 = Debug|x86
		Release|Any CPU = Release|Any CPU
		Release|x64 = Release|x64
		Release|x86 = Release|x86
	EndGlobalSection
	GlobalSection(ProjectConfigurationPlatforms) = postSolution
		{3946E588-E41F-452F-A606-40A33E44E06B}.Debug|Any CPU.ActiveCfg = Debug|Any CPU
		{3946E588-E41F-452F-A606-40A33E44E06B}.Debug|Any CPU.Build.0 = Debug|Any CPU
		{3946E588-E41F-452F-A606-40A33E44E06B}.Debug|x64.ActiveCfg = Debug|Any CPU
		{3946E588-E41F-452F-A606-40A33E44E06B}.Debug|x64.Build.0 = Debug|Any CPU
		{3946E588-E41F-452F-A606-40A33E44E06B}.Debug|x86.ActiveCfg = Debug|Any CPU
		{3946E588-E41F-452F-A606-40A33E44E06B}.Debug|x86.Build.0 = Debug|Any CPU
		{3946E588-E41F-452F-A606-40A33E44E06B}.Release|Any CPU.ActiveCfg = Release|Any CPU
		{3946E588-E41F-452F-A606-40A33E44E06B}.Release|Any CPU.Build.0 = Release|Any CPU
		{3946E588-E41F-452F-A606-40A33E44E06B}.Release|x64.ActiveCfg = Release|Any CPU
		{3946E588-E41F-452F-A606-40A33E44E06B}.Release|x64.Build.0 = Release|Any CPU
		{3946E588-E41F-452F-A606-40A33E44E06B}.Release|x86.ActiveCfg = Release|Any CPU
		{3946E588-E41F-452F-A606-40A33E44E06B}.Release|x86.Build.0 = Release|Any CPU
		{BE0B1AFD-E356-4062-B525-4533201DA6E3}.Debug|Any CPU.ActiveCfg = Debug|Any CPU
		{BE0B1AFD-E356-4062-B525-4533201DA6E3}.Debug|Any CPU.Build.0 = Debug|Any CPU
		{BE0B1AFD-E356-4062-B525-4533201DA6E3}.Debug|x64.ActiveCfg = Debug|Any CPU
		{BE0B1AFD-E356-4062-B525-4533201DA6E3}.Debug|x64.Build.0 = Debug|Any CPU
		{BE0B1AFD-E356-4062-B525-4533201DA6E3}.Debug|x86.ActiveCfg = Debug|Any CPU
		{BE0B1AFD-E356-4062-B525-4533201DA6E3}.Debug|x86.Build.0 = Debug|Any CPU
		{BE0B1AFD-E356-4062-B525-4533201DA6E3}.Release|Any CPU.ActiveCfg = Release|Any CPU
		{BE0B1AFD-E356-4062-B525-4533201DA6E3}.Release|Any CPU.Build.0 = Release|Any CPU
		{BE0B1AFD-E356-4062-B525-4533201DA6E3}.Release|x64.ActiveCfg = Release|Any CPU
		{BE0B1AFD-E356-4062-B525-4533201DA6E3}.Release|x64.Build.0 = Release|Any CPU
		{BE0B1AFD-E356-4062-B525-4533201DA6E3}.Release|x86.ActiveCfg = Release|Any CPU
		{BE0B1AFD-E356-4062-B525-4533201DA6E3}.Release|x86.Build.0 = Release|Any CPU
		{C51CA5EF-B491-4151-BBB4-4C1450B1B4C9}.Debug|Any CPU.ActiveCfg = Debug|Any CPU
		{C51CA5EF-B491-4151-BBB4-4C1450B1B4C9}.Debug|Any CPU.Build.0 = Debug|Any CPU
		{C51CA5EF-B491-4151-BBB4-4C1450B1B4C9}.Debug|x64.ActiveCfg = Debug|Any CPU
		{C51CA5EF-B491-4151-BBB4-4C1450B1B4C9}.Debug|x86.ActiveCfg = Debug|Any CPU
		{C51CA5EF-B491-4151-BBB4-4C1450B1B4C9}.Release|Any CPU.ActiveCfg = Release|Any CPU
		{C51CA5EF-B491-4151-BBB4-4C1450B1B4C9}.Release|Any CPU.Build.0 = Release|Any CPU
		{C51CA5EF-B491-4151-BBB4-4C1450B1B4C9}.Release|x64.ActiveCfg = Release|Any CPU
		{C51CA5EF-B491-4151-BBB4-4C1450B1B4C9}.Release|x86.ActiveCfg = Release|Any CPU
		{12B9086C-1346-4F3D-91B4-E5A4F15DEF6A}.Debug|Any CPU.ActiveCfg = Debug|Win32
		{12B9086C-1346-4F3D-91B4-E5A4F15DEF6A}.Debug|x64.ActiveCfg = Debug|x64
		{12B9086C-1346-4F3D-91B4-E5A4F15DEF6A}.Debug|x64.Build.0 = Debug|x64
		{12B9086C-1346-4F3D-91B4-E5A4F15DEF6A}.Debug|x86.ActiveCfg = Debug|Win32
		{12B9086C-1346-4F3D-91B4-E5A4F15DEF6A}.Debug|x86.Build.0 = Debug|Win32
		{12B9086C-1346-4F3D-91B4-E5A4F15DEF6A}.Release|Any CPU.ActiveCfg = Release|Win32
		{12B9086C-1346-4F3D-91B4-E5A4F15DEF6A}.Release|x64.ActiveCfg = Release|x64
		{12B9086C-1346-4F3D-91B4-E5A4F15DEF6A}.Release|x64.Build.0 = Release|x64
		{12B9086C-1346-4F3D-91B4-E5A4F15DEF6A}.Release|x86.ActiveCfg = Release|Win32
		{12B9086C-1346-4F3D-91B4-E5A4F15DEF6A}.Release|x86.Build.0 = Release|Win32
		{1732F483-5A10-43B0-83A8-85A07BA4101D}.Debug|Any CPU.ActiveCfg = Debug|Any CPU
		{1732F483-5A10-43B0-83A8-85A07BA4101D}.Debug|Any CPU.Build.0 = Debug|Any CPU
		{1732F483-5A10-43B0-83A8-85A07BA4101D}.Debug|x64.ActiveCfg = Debug|Any CPU
		{1732F483-5A10-43B0-83A8-85A07BA4101D}.Debug|x64.Build.0 = Debug|Any CPU
		{1732F483-5A10-43B0-83A8-85A07BA4101D}.Debug|x86.ActiveCfg = Debug|Any CPU
		{1732F483-5A10-43B0-83A8-85A07BA4101D}.Debug|x86.Build.0 = Debug|Any CPU
		{1732F483-5A10-43B0-83A8-85A07BA4101D}.Release|Any CPU.ActiveCfg = Release|Any CPU
		{1732F483-5A10-43B0-83A8-85A07BA4101D}.Release|Any CPU.Build.0 = Release|Any CPU
		{1732F483-5A10-43B0-83A8-85A07BA4101D}.Release|x64.ActiveCfg = Release|Any CPU
		{1732F483-5A10-43B0-83A8-85A07BA4101D}.Release|x64.Build.0 = Release|Any CPU
		{1732F483-5A10-43B0-83A8-85A07BA4101D}.Release|x86.ActiveCfg = Release|Any CPU
		{1732F483-5A10-43B0-83A8-85A07BA4101D}.Release|x86.Build.0 = Release|Any CPU
		{144A7077-BF07-456A-B76F-1547A891C478}.Debug|Any CPU.ActiveCfg = Debug|Any CPU
		{144A7077-BF07-456A-B76F-1547A891C478}.Debug|Any CPU.Build.0 = Debug|Any CPU
		{144A7077-BF07-456A-B76F-1547A891C478}.Debug|x64.ActiveCfg = Debug|Any CPU
		{144A7077-BF07-456A-B76F-1547A891C478}.Debug|x64.Build.0 = Debug|Any CPU
		{144A7077-BF07-456A-B76F-1547A891C478}.Debug|x86.ActiveCfg = Debug|Any CPU
		{144A7077-BF07-456A-B76F-1547A891C478}.Debug|x86.Build.0 = Debug|Any CPU
		{144A7077-BF07-456A-B76F-1547A891C478}.Release|Any CPU.ActiveCfg = Release|Any CPU
		{144A7077-BF07-456A-B76F-1547A891C478}.Release|Any CPU.Build.0 = Release|Any CPU
		{144A7077-BF07-456A-B76F-1547A891C478}.Release|x64.ActiveCfg = Release|Any CPU
		{144A7077-BF07-456A-B76F-1547A891C478}.Release|x64.Build.0 = Release|Any CPU
		{144A7077-BF07-456A-B76F-1547A891C478}.Release|x86.ActiveCfg = Release|Any CPU
		{144A7077-BF07-456A-B76F-1547A891C478}.Release|x86.Build.0 = Release|Any CPU
		{9A528129-58BA-40E6-B071-AE819FB16121}.Debug|Any CPU.ActiveCfg = Debug|Any CPU
		{9A528129-58BA-40E6-B071-AE819FB16121}.Debug|Any CPU.Build.0 = Debug|Any CPU
		{9A528129-58BA-40E6-B071-AE819FB16121}.Debug|x64.ActiveCfg = Debug|Any CPU
		{9A528129-58BA-40E6-B071-AE819FB16121}.Debug|x64.Build.0 = Debug|Any CPU
		{9A528129-58BA-40E6-B071-AE819FB16121}.Debug|x86.ActiveCfg = Debug|Any CPU
		{9A528129-58BA-40E6-B071-AE819FB16121}.Debug|x86.Build.0 = Debug|Any CPU
		{9A528129-58BA-40E6-B071-AE819FB16121}.Release|Any CPU.ActiveCfg = Release|Any CPU
		{9A528129-58BA-40E6-B071-AE819FB16121}.Release|Any CPU.Build.0 = Release|Any CPU
		{9A528129-58BA-40E6-B071-AE819FB16121}.Release|x64.ActiveCfg = Release|Any CPU
		{9A528129-58BA-40E6-B071-AE819FB16121}.Release|x64.Build.0 = Release|Any CPU
		{9A528129-58BA-40E6-B071-AE819FB16121}.Release|x86.ActiveCfg = Release|Any CPU
		{9A528129-58BA-40E6-B071-AE819FB16121}.Release|x86.Build.0 = Release|Any CPU
		{577CB827-B5B0-417C-BF10-77E8A4E052C6}.Debug|Any CPU.ActiveCfg = Debug|Any CPU
		{577CB827-B5B0-417C-BF10-77E8A4E052C6}.Debug|Any CPU.Build.0 = Debug|Any CPU
		{577CB827-B5B0-417C-BF10-77E8A4E052C6}.Debug|x64.ActiveCfg = Debug|Any CPU
		{577CB827-B5B0-417C-BF10-77E8A4E052C6}.Debug|x64.Build.0 = Debug|Any CPU
		{577CB827-B5B0-417C-BF10-77E8A4E052C6}.Debug|x86.ActiveCfg = Debug|Any CPU
		{577CB827-B5B0-417C-BF10-77E8A4E052C6}.Debug|x86.Build.0 = Debug|Any CPU
		{577CB827-B5B0-417C-BF10-77E8A4E052C6}.Release|Any CPU.ActiveCfg = Release|Any CPU
		{577CB827-B5B0-417C-BF10-77E8A4E052C6}.Release|Any CPU.Build.0 = Release|Any CPU
		{577CB827-B5B0-417C-BF10-77E8A4E052C6}.Release|x64.ActiveCfg = Release|Any CPU
		{577CB827-B5B0-417C-BF10-77E8A4E052C6}.Release|x64.Build.0 = Release|Any CPU
		{577CB827-B5B0-417C-BF10-77E8A4E052C6}.Release|x86.ActiveCfg = Release|Any CPU
		{577CB827-B5B0-417C-BF10-77E8A4E052C6}.Release|x86.Build.0 = Release|Any CPU
		{4C94E03F-4441-48E6-9DA4-5DC78F9F3320}.Debug|Any CPU.ActiveCfg = Debug|Any CPU
		{4C94E03F-4441-48E6-9DA4-5DC78F9F3320}.Debug|Any CPU.Build.0 = Debug|Any CPU
		{4C94E03F-4441-48E6-9DA4-5DC78F9F3320}.Debug|x64.ActiveCfg = Debug|Any CPU
		{4C94E03F-4441-48E6-9DA4-5DC78F9F3320}.Debug|x64.Build.0 = Debug|Any CPU
		{4C94E03F-4441-48E6-9DA4-5DC78F9F3320}.Debug|x86.ActiveCfg = Debug|Any CPU
		{4C94E03F-4441-48E6-9DA4-5DC78F9F3320}.Debug|x86.Build.0 = Debug|Any CPU
		{4C94E03F-4441-48E6-9DA4-5DC78F9F3320}.Release|Any CPU.ActiveCfg = Release|Any CPU
		{4C94E03F-4441-48E6-9DA4-5DC78F9F3320}.Release|Any CPU.Build.0 = Release|Any CPU
		{4C94E03F-4441-48E6-9DA4-5DC78F9F3320}.Release|x64.ActiveCfg = Release|Any CPU
		{4C94E03F-4441-48E6-9DA4-5DC78F9F3320}.Release|x64.Build.0 = Release|Any CPU
		{4C94E03F-4441-48E6-9DA4-5DC78F9F3320}.Release|x86.ActiveCfg = Release|Any CPU
		{4C94E03F-4441-48E6-9DA4-5DC78F9F3320}.Release|x86.Build.0 = Release|Any CPU
		{3EADFFC7-5A7D-4D12-9E8E-5A75AE813FBA}.Debug|Any CPU.ActiveCfg = Debug|Any CPU
		{3EADFFC7-5A7D-4D12-9E8E-5A75AE813FBA}.Debug|Any CPU.Build.0 = Debug|Any CPU
		{3EADFFC7-5A7D-4D12-9E8E-5A75AE813FBA}.Debug|x64.ActiveCfg = Debug|Any CPU
		{3EADFFC7-5A7D-4D12-9E8E-5A75AE813FBA}.Debug|x64.Build.0 = Debug|Any CPU
		{3EADFFC7-5A7D-4D12-9E8E-5A75AE813FBA}.Debug|x86.ActiveCfg = Debug|Any CPU
		{3EADFFC7-5A7D-4D12-9E8E-5A75AE813FBA}.Debug|x86.Build.0 = Debug|Any CPU
		{3EADFFC7-5A7D-4D12-9E8E-5A75AE813FBA}.Release|Any CPU.ActiveCfg = Release|Any CPU
		{3EADFFC7-5A7D-4D12-9E8E-5A75AE813FBA}.Release|Any CPU.Build.0 = Release|Any CPU
		{3EADFFC7-5A7D-4D12-9E8E-5A75AE813FBA}.Release|x64.ActiveCfg = Release|Any CPU
		{3EADFFC7-5A7D-4D12-9E8E-5A75AE813FBA}.Release|x64.Build.0 = Release|Any CPU
		{3EADFFC7-5A7D-4D12-9E8E-5A75AE813FBA}.Release|x86.ActiveCfg = Release|Any CPU
		{3EADFFC7-5A7D-4D12-9E8E-5A75AE813FBA}.Release|x86.Build.0 = Release|Any CPU
		{5A8E7F6F-CF69-4268-A09D-C2AA52D501CD}.Debug|Any CPU.ActiveCfg = Debug|Any CPU
		{5A8E7F6F-CF69-4268-A09D-C2AA52D501CD}.Debug|Any CPU.Build.0 = Debug|Any CPU
		{5A8E7F6F-CF69-4268-A09D-C2AA52D501CD}.Debug|x64.ActiveCfg = Debug|Any CPU
		{5A8E7F6F-CF69-4268-A09D-C2AA52D501CD}.Debug|x64.Build.0 = Debug|Any CPU
		{5A8E7F6F-CF69-4268-A09D-C2AA52D501CD}.Debug|x86.ActiveCfg = Debug|Any CPU
		{5A8E7F6F-CF69-4268-A09D-C2AA52D501CD}.Debug|x86.Build.0 = Debug|Any CPU
		{5A8E7F6F-CF69-4268-A09D-C2AA52D501CD}.Release|Any CPU.ActiveCfg = Release|Any CPU
		{5A8E7F6F-CF69-4268-A09D-C2AA52D501CD}.Release|Any CPU.Build.0 = Release|Any CPU
		{5A8E7F6F-CF69-4268-A09D-C2AA52D501CD}.Release|x64.ActiveCfg = Release|Any CPU
		{5A8E7F6F-CF69-4268-A09D-C2AA52D501CD}.Release|x64.Build.0 = Release|Any CPU
		{5A8E7F6F-CF69-4268-A09D-C2AA52D501CD}.Release|x86.ActiveCfg = Release|Any CPU
		{5A8E7F6F-CF69-4268-A09D-C2AA52D501CD}.Release|x86.Build.0 = Release|Any CPU
		{EB50E94E-8AFB-4A33-AE41-A6248FBF41D3}.Debug|Any CPU.ActiveCfg = Debug|Any CPU
		{EB50E94E-8AFB-4A33-AE41-A6248FBF41D3}.Debug|Any CPU.Build.0 = Debug|Any CPU
		{EB50E94E-8AFB-4A33-AE41-A6248FBF41D3}.Debug|x64.ActiveCfg = Debug|Any CPU
		{EB50E94E-8AFB-4A33-AE41-A6248FBF41D3}.Debug|x64.Build.0 = Debug|Any CPU
		{EB50E94E-8AFB-4A33-AE41-A6248FBF41D3}.Debug|x86.ActiveCfg = Debug|Any CPU
		{EB50E94E-8AFB-4A33-AE41-A6248FBF41D3}.Debug|x86.Build.0 = Debug|Any CPU
		{EB50E94E-8AFB-4A33-AE41-A6248FBF41D3}.Release|Any CPU.ActiveCfg = Release|Any CPU
		{EB50E94E-8AFB-4A33-AE41-A6248FBF41D3}.Release|Any CPU.Build.0 = Release|Any CPU
		{EB50E94E-8AFB-4A33-AE41-A6248FBF41D3}.Release|x64.ActiveCfg = Release|Any CPU
		{EB50E94E-8AFB-4A33-AE41-A6248FBF41D3}.Release|x64.Build.0 = Release|Any CPU
		{EB50E94E-8AFB-4A33-AE41-A6248FBF41D3}.Release|x86.ActiveCfg = Release|Any CPU
		{EB50E94E-8AFB-4A33-AE41-A6248FBF41D3}.Release|x86.Build.0 = Release|Any CPU
		{76A517EA-A758-4AD6-9834-12DD67155BBE}.Debug|Any CPU.ActiveCfg = Debug|x64
		{76A517EA-A758-4AD6-9834-12DD67155BBE}.Debug|Any CPU.Build.0 = Debug|x64
		{76A517EA-A758-4AD6-9834-12DD67155BBE}.Debug|x64.ActiveCfg = Debug|x64
		{76A517EA-A758-4AD6-9834-12DD67155BBE}.Debug|x64.Build.0 = Debug|x64
		{76A517EA-A758-4AD6-9834-12DD67155BBE}.Debug|x86.ActiveCfg = Debug|Win32
		{76A517EA-A758-4AD6-9834-12DD67155BBE}.Debug|x86.Build.0 = Debug|Win32
		{76A517EA-A758-4AD6-9834-12DD67155BBE}.Release|Any CPU.ActiveCfg = Release|x64
		{76A517EA-A758-4AD6-9834-12DD67155BBE}.Release|Any CPU.Build.0 = Release|x64
		{76A517EA-A758-4AD6-9834-12DD67155BBE}.Release|x64.ActiveCfg = Release|x64
		{76A517EA-A758-4AD6-9834-12DD67155BBE}.Release|x64.Build.0 = Release|x64
		{76A517EA-A758-4AD6-9834-12DD67155BBE}.Release|x86.ActiveCfg = Release|Win32
		{76A517EA-A758-4AD6-9834-12DD67155BBE}.Release|x86.Build.0 = Release|Win32
		{7F303642-B6C9-46E0-8561-0B0AD047FEE5}.Debug|Any CPU.ActiveCfg = Debug|x64
		{7F303642-B6C9-46E0-8561-0B0AD047FEE5}.Debug|Any CPU.Build.0 = Debug|x64
		{7F303642-B6C9-46E0-8561-0B0AD047FEE5}.Debug|x64.ActiveCfg = Debug|x64
		{7F303642-B6C9-46E0-8561-0B0AD047FEE5}.Debug|x64.Build.0 = Debug|x64
		{7F303642-B6C9-46E0-8561-0B0AD047FEE5}.Debug|x86.ActiveCfg = Debug|Win32
		{7F303642-B6C9-46E0-8561-0B0AD047FEE5}.Debug|x86.Build.0 = Debug|Win32
		{7F303642-B6C9-46E0-8561-0B0AD047FEE5}.Release|Any CPU.ActiveCfg = Release|x64
		{7F303642-B6C9-46E0-8561-0B0AD047FEE5}.Release|Any CPU.Build.0 = Release|x64
		{7F303642-B6C9-46E0-8561-0B0AD047FEE5}.Release|x64.ActiveCfg = Release|x64
		{7F303642-B6C9-46E0-8561-0B0AD047FEE5}.Release|x64.Build.0 = Release|x64
		{7F303642-B6C9-46E0-8561-0B0AD047FEE5}.Release|x86.ActiveCfg = Release|Win32
		{7F303642-B6C9-46E0-8561-0B0AD047FEE5}.Release|x86.Build.0 = Release|Win32
		{DA83E3E7-D401-4BEC-92A3-C91777C05C90}.Debug|Any CPU.ActiveCfg = Debug|Any CPU
		{DA83E3E7-D401-4BEC-92A3-C91777C05C90}.Debug|Any CPU.Build.0 = Debug|Any CPU
		{DA83E3E7-D401-4BEC-92A3-C91777C05C90}.Debug|x64.ActiveCfg = Debug|Any CPU
		{DA83E3E7-D401-4BEC-92A3-C91777C05C90}.Debug|x64.Build.0 = Debug|Any CPU
		{DA83E3E7-D401-4BEC-92A3-C91777C05C90}.Debug|x86.ActiveCfg = Debug|Any CPU
		{DA83E3E7-D401-4BEC-92A3-C91777C05C90}.Debug|x86.Build.0 = Debug|Any CPU
		{DA83E3E7-D401-4BEC-92A3-C91777C05C90}.Release|Any CPU.ActiveCfg = Release|Any CPU
		{DA83E3E7-D401-4BEC-92A3-C91777C05C90}.Release|Any CPU.Build.0 = Release|Any CPU
		{DA83E3E7-D401-4BEC-92A3-C91777C05C90}.Release|x64.ActiveCfg = Release|Any CPU
		{DA83E3E7-D401-4BEC-92A3-C91777C05C90}.Release|x64.Build.0 = Release|Any CPU
		{DA83E3E7-D401-4BEC-92A3-C91777C05C90}.Release|x86.ActiveCfg = Release|Any CPU
		{DA83E3E7-D401-4BEC-92A3-C91777C05C90}.Release|x86.Build.0 = Release|Any CPU
		{8E963366-F510-4CEC-AB57-8FF34F4E8A19}.Debug|Any CPU.ActiveCfg = Debug|Any CPU
		{8E963366-F510-4CEC-AB57-8FF34F4E8A19}.Debug|Any CPU.Build.0 = Debug|Any CPU
		{8E963366-F510-4CEC-AB57-8FF34F4E8A19}.Debug|x64.ActiveCfg = Debug|Any CPU
		{8E963366-F510-4CEC-AB57-8FF34F4E8A19}.Debug|x64.Build.0 = Debug|Any CPU
		{8E963366-F510-4CEC-AB57-8FF34F4E8A19}.Debug|x86.ActiveCfg = Debug|Any CPU
		{8E963366-F510-4CEC-AB57-8FF34F4E8A19}.Debug|x86.Build.0 = Debug|Any CPU
		{8E963366-F510-4CEC-AB57-8FF34F4E8A19}.Release|Any CPU.ActiveCfg = Release|Any CPU
		{8E963366-F510-4CEC-AB57-8FF34F4E8A19}.Release|Any CPU.Build.0 = Release|Any CPU
		{8E963366-F510-4CEC-AB57-8FF34F4E8A19}.Release|x64.ActiveCfg = Release|Any CPU
		{8E963366-F510-4CEC-AB57-8FF34F4E8A19}.Release|x64.Build.0 = Release|Any CPU
		{8E963366-F510-4CEC-AB57-8FF34F4E8A19}.Release|x86.ActiveCfg = Release|Any CPU
		{8E963366-F510-4CEC-AB57-8FF34F4E8A19}.Release|x86.Build.0 = Release|Any CPU
		{569AEC79-B649-4B19-9183-B6684F77305E}.Debug|Any CPU.ActiveCfg = Debug|Any CPU
		{569AEC79-B649-4B19-9183-B6684F77305E}.Debug|Any CPU.Build.0 = Debug|Any CPU
		{569AEC79-B649-4B19-9183-B6684F77305E}.Debug|x64.ActiveCfg = Debug|Any CPU
		{569AEC79-B649-4B19-9183-B6684F77305E}.Debug|x64.Build.0 = Debug|Any CPU
		{569AEC79-B649-4B19-9183-B6684F77305E}.Debug|x86.ActiveCfg = Debug|Any CPU
		{569AEC79-B649-4B19-9183-B6684F77305E}.Debug|x86.Build.0 = Debug|Any CPU
		{569AEC79-B649-4B19-9183-B6684F77305E}.Release|Any CPU.ActiveCfg = Release|Any CPU
		{569AEC79-B649-4B19-9183-B6684F77305E}.Release|Any CPU.Build.0 = Release|Any CPU
		{569AEC79-B649-4B19-9183-B6684F77305E}.Release|x64.ActiveCfg = Release|Any CPU
		{569AEC79-B649-4B19-9183-B6684F77305E}.Release|x64.Build.0 = Release|Any CPU
		{569AEC79-B649-4B19-9183-B6684F77305E}.Release|x86.ActiveCfg = Release|Any CPU
		{569AEC79-B649-4B19-9183-B6684F77305E}.Release|x86.Build.0 = Release|Any CPU
		{BE15DBF4-6F0B-4085-B764-A8BF0C3E2765}.Debug|Any CPU.ActiveCfg = Debug|Any CPU
		{BE15DBF4-6F0B-4085-B764-A8BF0C3E2765}.Debug|Any CPU.Build.0 = Debug|Any CPU
		{BE15DBF4-6F0B-4085-B764-A8BF0C3E2765}.Debug|x64.ActiveCfg = Debug|Any CPU
		{BE15DBF4-6F0B-4085-B764-A8BF0C3E2765}.Debug|x64.Build.0 = Debug|Any CPU
		{BE15DBF4-6F0B-4085-B764-A8BF0C3E2765}.Debug|x86.ActiveCfg = Debug|Any CPU
		{BE15DBF4-6F0B-4085-B764-A8BF0C3E2765}.Debug|x86.Build.0 = Debug|Any CPU
		{BE15DBF4-6F0B-4085-B764-A8BF0C3E2765}.Release|Any CPU.ActiveCfg = Release|Any CPU
		{BE15DBF4-6F0B-4085-B764-A8BF0C3E2765}.Release|Any CPU.Build.0 = Release|Any CPU
		{BE15DBF4-6F0B-4085-B764-A8BF0C3E2765}.Release|x64.ActiveCfg = Release|Any CPU
		{BE15DBF4-6F0B-4085-B764-A8BF0C3E2765}.Release|x64.Build.0 = Release|Any CPU
		{BE15DBF4-6F0B-4085-B764-A8BF0C3E2765}.Release|x86.ActiveCfg = Release|Any CPU
		{BE15DBF4-6F0B-4085-B764-A8BF0C3E2765}.Release|x86.Build.0 = Release|Any CPU
		{D2162F56-919E-4D39-BBCC-2D7A4C70F9CD}.Debug|Any CPU.ActiveCfg = Debug|Any CPU
		{D2162F56-919E-4D39-BBCC-2D7A4C70F9CD}.Debug|Any CPU.Build.0 = Debug|Any CPU
		{D2162F56-919E-4D39-BBCC-2D7A4C70F9CD}.Debug|x64.ActiveCfg = Debug|Any CPU
		{D2162F56-919E-4D39-BBCC-2D7A4C70F9CD}.Debug|x64.Build.0 = Debug|Any CPU
		{D2162F56-919E-4D39-BBCC-2D7A4C70F9CD}.Debug|x86.ActiveCfg = Debug|Any CPU
		{D2162F56-919E-4D39-BBCC-2D7A4C70F9CD}.Debug|x86.Build.0 = Debug|Any CPU
		{D2162F56-919E-4D39-BBCC-2D7A4C70F9CD}.Release|Any CPU.ActiveCfg = Release|Any CPU
		{D2162F56-919E-4D39-BBCC-2D7A4C70F9CD}.Release|Any CPU.Build.0 = Release|Any CPU
		{D2162F56-919E-4D39-BBCC-2D7A4C70F9CD}.Release|x64.ActiveCfg = Release|Any CPU
		{D2162F56-919E-4D39-BBCC-2D7A4C70F9CD}.Release|x64.Build.0 = Release|Any CPU
		{D2162F56-919E-4D39-BBCC-2D7A4C70F9CD}.Release|x86.ActiveCfg = Release|Any CPU
		{D2162F56-919E-4D39-BBCC-2D7A4C70F9CD}.Release|x86.Build.0 = Release|Any CPU
		{2B51B504-4882-468E-8625-018B99A966CF}.Debug|Any CPU.ActiveCfg = Debug|x64
		{2B51B504-4882-468E-8625-018B99A966CF}.Debug|Any CPU.Build.0 = Debug|x64
		{2B51B504-4882-468E-8625-018B99A966CF}.Debug|x64.ActiveCfg = Debug|x64
		{2B51B504-4882-468E-8625-018B99A966CF}.Debug|x64.Build.0 = Debug|x64
		{2B51B504-4882-468E-8625-018B99A966CF}.Debug|x86.ActiveCfg = Debug|Win32
		{2B51B504-4882-468E-8625-018B99A966CF}.Debug|x86.Build.0 = Debug|Win32
		{2B51B504-4882-468E-8625-018B99A966CF}.Release|Any CPU.ActiveCfg = Release|x64
		{2B51B504-4882-468E-8625-018B99A966CF}.Release|Any CPU.Build.0 = Release|x64
		{2B51B504-4882-468E-8625-018B99A966CF}.Release|x64.ActiveCfg = Release|x64
		{2B51B504-4882-468E-8625-018B99A966CF}.Release|x64.Build.0 = Release|x64
		{2B51B504-4882-468E-8625-018B99A966CF}.Release|x86.ActiveCfg = Release|Win32
		{2B51B504-4882-468E-8625-018B99A966CF}.Release|x86.Build.0 = Release|Win32
		{89906742-7E4E-4196-9635-AB70EEC34080}.Debug|Any CPU.ActiveCfg = Debug|Any CPU
		{89906742-7E4E-4196-9635-AB70EEC34080}.Debug|Any CPU.Build.0 = Debug|Any CPU
		{89906742-7E4E-4196-9635-AB70EEC34080}.Debug|x64.ActiveCfg = Debug|Any CPU
		{89906742-7E4E-4196-9635-AB70EEC34080}.Debug|x64.Build.0 = Debug|Any CPU
		{89906742-7E4E-4196-9635-AB70EEC34080}.Debug|x86.ActiveCfg = Debug|Any CPU
		{89906742-7E4E-4196-9635-AB70EEC34080}.Debug|x86.Build.0 = Debug|Any CPU
		{89906742-7E4E-4196-9635-AB70EEC34080}.Release|Any CPU.ActiveCfg = Release|Any CPU
		{89906742-7E4E-4196-9635-AB70EEC34080}.Release|Any CPU.Build.0 = Release|Any CPU
		{89906742-7E4E-4196-9635-AB70EEC34080}.Release|x64.ActiveCfg = Release|Any CPU
		{89906742-7E4E-4196-9635-AB70EEC34080}.Release|x64.Build.0 = Release|Any CPU
		{89906742-7E4E-4196-9635-AB70EEC34080}.Release|x86.ActiveCfg = Release|Any CPU
		{89906742-7E4E-4196-9635-AB70EEC34080}.Release|x86.Build.0 = Release|Any CPU
		{B4C3911F-BEE2-4A32-B24E-0F636106C0E6}.Debug|Any CPU.ActiveCfg = Debug|Any CPU
		{B4C3911F-BEE2-4A32-B24E-0F636106C0E6}.Debug|Any CPU.Build.0 = Debug|Any CPU
		{B4C3911F-BEE2-4A32-B24E-0F636106C0E6}.Debug|x64.ActiveCfg = Debug|Any CPU
		{B4C3911F-BEE2-4A32-B24E-0F636106C0E6}.Debug|x64.Build.0 = Debug|Any CPU
		{B4C3911F-BEE2-4A32-B24E-0F636106C0E6}.Debug|x86.ActiveCfg = Debug|Any CPU
		{B4C3911F-BEE2-4A32-B24E-0F636106C0E6}.Debug|x86.Build.0 = Debug|Any CPU
		{B4C3911F-BEE2-4A32-B24E-0F636106C0E6}.Release|Any CPU.ActiveCfg = Release|Any CPU
		{B4C3911F-BEE2-4A32-B24E-0F636106C0E6}.Release|Any CPU.Build.0 = Release|Any CPU
		{B4C3911F-BEE2-4A32-B24E-0F636106C0E6}.Release|x64.ActiveCfg = Release|Any CPU
		{B4C3911F-BEE2-4A32-B24E-0F636106C0E6}.Release|x64.Build.0 = Release|Any CPU
		{B4C3911F-BEE2-4A32-B24E-0F636106C0E6}.Release|x86.ActiveCfg = Release|Any CPU
		{B4C3911F-BEE2-4A32-B24E-0F636106C0E6}.Release|x86.Build.0 = Release|Any CPU
	EndGlobalSection
	GlobalSection(SolutionProperties) = preSolution
		HideSolutionNode = FALSE
	EndGlobalSection
	GlobalSection(ExtensibilityGlobals) = postSolution
		SolutionGuid = {5F52CE61-661F-4E37-A099-0C660A67086E}
	EndGlobalSection
EndGlobal
